# This file was autogenerated by Stack.
# You should not edit this file by hand.
# For more information, please see the documentation at:
#   https://docs.haskellstack.org/en/stable/lock_files

packages: []
snapshots:
- completed:
    size: 435321
    url: https://raw.githubusercontent.com/commercialhaskell/stackage-snapshots/master/nightly/2019/12/6.yaml
    sha256: 16518e385fe215d14ad34c3665493b172812e1b39aa695c8c4ea81fe2aa4b6bb
  original: nightly-2019-12-06
