# This file was autogenerated by Stack.
# You should not edit this file by hand.
# For more information, please see the documentation at:
#   https://docs.haskellstack.org/en/stable/lock_files

packages:
- completed:
    cabal-file:
      size: 2938
      sha256: b62e27f6d6e9299f46be99bca47442e8aef04ab98b201cd568c3c04c6831202b
    name: sqlite-simple
    version: 0.4.16.0
    git: git@github.com:mvoidex/sqlite-simple.git
    pantry-tree:
      size: 1995
      sha256: 68fbe4f81c18a799f6c3aaee66eafc35a66dc8209cba3243d112832b678b44a4
    commit: cc94f6e303b19aeaed2ac21cbccf6f5c7b74274d
  original:
    git: git@github.com:mvoidex/sqlite-simple.git
    commit: cc94f6e303b19aeaed2ac21cbccf6f5c7b74274d
- completed:
    hackage: direct-sqlite-2.3.24@sha256:869bcfd5e9cf1f8b76af3cb6709969298eca3a7b376a847158110b3c083cd431,3760
    pantry-tree:
      size: 770
      sha256: 5fb383f2bd32c560e474cc60c6f958f3c0e6deed115fa4e69c7b6d913bfcc8ce
  original:
    hackage: direct-sqlite-2.3.24@sha256:869bcfd5e9cf1f8b76af3cb6709969298eca3a7b376a847158110b3c083cd431,3760
- completed:
    hackage: semigroups-0.18.5@sha256:41ef9f5f183f66c519c5cddcb3fbfdbc9b67a2b7bfae7d81f91de9ff7367d8c6,5828
    pantry-tree:
      size: 533
      sha256: 7fe152b45de8c6a929db10c68b0576e35f7054492c528e8aa10cb1af2fc80953
  original:
    hackage: semigroups-0.18.5@sha256:41ef9f5f183f66c519c5cddcb3fbfdbc9b67a2b7bfae7d81f91de9ff7367d8c6,5828
- completed:
    hackage: streaming-bytestring-0.1.6@sha256:5518d9480b703d2ecf9bbb0d4c76d63053daa99eb08589af4225be72eaf4b36e,12850
    pantry-tree:
      size: 545
      sha256: 7bd150e35e3c412ab9655ce42a8bca154ee8779d1f9f4ba01310b429e651e770
  original:
    hackage: streaming-bytestring-0.1.6@sha256:5518d9480b703d2ecf9bbb0d4c76d63053daa99eb08589af4225be72eaf4b36e,12850
snapshots:
- completed:
    size: 435321
    url: https://raw.githubusercontent.com/commercialhaskell/stackage-snapshots/master/nightly/2019/12/6.yaml
    sha256: 16518e385fe215d14ad34c3665493b172812e1b39aa695c8c4ea81fe2aa4b6bb
  original: nightly-2019-12-06
