# This file was autogenerated by Stack.
# You should not edit this file by hand.
# For more information, please see the documentation at:
#   https://docs.haskellstack.org/en/stable/lock_files

packages:
- completed:
    cabal-file:
      size: 2930
      sha256: ef650f85c22d5695213591d1614a22dbb9380c08e73da9834004d3faedca0cb5
    name: sqlite-simple
    version: 0.4.16.1
    git: git@github.com:plcplc/sqlite-simple.git
    pantry-tree:
      size: 2039
      sha256: d9504ee76e32001bcd8350f78e50a52a6f450635cbb20affcf7f0589c7c719ce
    commit: 367885bfd1a3366d43c2fe514c2c1a6b208ef887
  original:
    git: git@github.com:plcplc/sqlite-simple.git
    commit: 367885bfd1a3366d43c2fe514c2c1a6b208ef887
- completed:
    subdir: eff
    cabal-file:
      size: 1887
      sha256: f6194ef5712755fa1c6ad2818d391d9290f10c172164c5f826383335e6dae6e8
    name: eff
    version: 0.0.0.0
    git: git@github.com:hasura/eff.git
    pantry-tree:
      size: 1010
      sha256: f31b84eabd05f026e08c4b985245afac221c67a56863fb5bbbd51279f27a67a0
    commit: 61dfb24515b3d6f54f2ca148655bd7c6b7e8181c
  original:
    subdir: eff
    git: git@github.com:hasura/eff.git
    commit: 61dfb24515b3d6f54f2ca148655bd7c6b7e8181c
- completed:
    hackage: direct-sqlite-2.3.24@sha256:869bcfd5e9cf1f8b76af3cb6709969298eca3a7b376a847158110b3c083cd431,3760
    pantry-tree:
      size: 770
      sha256: 5fb383f2bd32c560e474cc60c6f958f3c0e6deed115fa4e69c7b6d913bfcc8ce
  original:
    hackage: direct-sqlite-2.3.24@sha256:869bcfd5e9cf1f8b76af3cb6709969298eca3a7b376a847158110b3c083cd431,3760
- completed:
    hackage: semigroups-0.18.5@sha256:41ef9f5f183f66c519c5cddcb3fbfdbc9b67a2b7bfae7d81f91de9ff7367d8c6,5828
    pantry-tree:
      size: 533
      sha256: 7fe152b45de8c6a929db10c68b0576e35f7054492c528e8aa10cb1af2fc80953
  original:
    hackage: semigroups-0.18.5@sha256:41ef9f5f183f66c519c5cddcb3fbfdbc9b67a2b7bfae7d81f91de9ff7367d8c6,5828
- completed:
    hackage: streaming-bytestring-0.1.6@sha256:5518d9480b703d2ecf9bbb0d4c76d63053daa99eb08589af4225be72eaf4b36e,12850
    pantry-tree:
      size: 545
      sha256: 7bd150e35e3c412ab9655ce42a8bca154ee8779d1f9f4ba01310b429e651e770
  original:
    hackage: streaming-bytestring-0.1.6@sha256:5518d9480b703d2ecf9bbb0d4c76d63053daa99eb08589af4225be72eaf4b36e,12850
- completed:
    hackage: fused-effects-exceptions-1.0.0.0@sha256:ee32e6e6a40ce2272603b93036e05945d79f68200b1f09624db39262724b0f98,1731
    pantry-tree:
      size: 520
      sha256: de5cf7211020a5cb543faed316b760c8b9be7412d716b483f2ce8e152e63d278
  original:
    hackage: fused-effects-exceptions-1.0.0.0@sha256:ee32e6e6a40ce2272603b93036e05945d79f68200b1f09624db39262724b0f98,1731
snapshots:
- completed:
    size: 439010
    url: https://raw.githubusercontent.com/commercialhaskell/stackage-snapshots/master/nightly/2019/12/22.yaml
    sha256: 821da68dfc5803072ad7c2b23229ec90acf91c64cec75584a7c3b68d45274d65
  original: nightly-2019-12-22
